{
    "_meta": {
        "hash": {
            "sha256": "71c698c0d9a5e868e63e977d0cff5cd3e26e2f17629a036936620127f8ecd570"
        },
        "pipfile-spec": 6,
        "requires": {
            "python_version": "3.8"
        },
        "sources": [
            {
                "name": "pypi",
                "url": "https://pypi.org/simple",
                "verify_ssl": true
            }
        ]
    },
    "default": {
        "python-gnupg": {
            "hashes": [
                "sha256:3353e59949cd2c15efbf1fca45e347d8a22f4bed0d93e9b89b2657bda19cec05",
                "sha256:c095a41f310ad7a4fd393406660ac9bd6c175ccaa0f072f9c18f33be8130a27a"
            ],
            "index": "pypi",
            "version": "==0.4.5"
        }
    },
    "develop": {}
}
